# THIS IS AN AUTOGENERATED FILE. DO NOT EDIT THIS FILE DIRECTLY.
# yarn lockfile v1


"@stripe/react-stripe-js@^1.4.1":
  "integrity" "sha512-FjcVrhf72+9fUL3Lz3xi02ni9tzH1A1x6elXlr6tvBDgSD55oPJuodoP8eC7xTnBIKq0olF5uJvgtkJyDCdzjA=="
  "resolved" "https://registry.npmjs.org/@stripe/react-stripe-js/-/react-stripe-js-1.4.1.tgz"
  "version" "1.4.1"
  dependencies:
    "prop-types" "^15.7.2"

"@stripe/stripe-js@^1.13.0", "@stripe/stripe-js@^1.17.1":
  "integrity" "sha512-c9MyDvdi5Xou0j0JPNy86NebtTDfh9o62Ifuzx6GSm2YO0oedBpy51WSyOue2L8Fb+mqESS5gd6mGVEIPUnXsA=="
  "resolved" "https://registry.npmjs.org/@stripe/stripe-js/-/stripe-js-1.17.1.tgz"
  "version" "1.17.1"

"@types/lodash@^4.14.105":
  "integrity" "sha512-XmdEOrKQ8a1Y/yxQFOMbC47G/V2VDO1GvMRnl4O75M4GW/abC5tnfzadQYkqEveqRM1dEJGFFegfPNA2vvx2iw=="
  "resolved" "https://registry.npmjs.org/@types/lodash/-/lodash-4.14.175.tgz"
  "version" "4.14.175"

"@types/prop-types@*":
  "integrity" "sha512-rZ5drC/jWjrArrS8BR6SIr4cWpW09RNTYt9AMZo3Jwwif+iacXAqgVjm0B0Bv/S1jhDXKHqRVNCbACkJ89RAnQ=="
  "resolved" "https://registry.npmjs.org/@types/prop-types/-/prop-types-15.7.4.tgz"
  "version" "15.7.4"

"@types/react@^16.0.40":
  "integrity" "sha512-pMLc/7+7SEdQa9A+hN9ujI8blkjFqYAZVqh3iNXqdZ0cQ8TIR502HMkNJniaOGv9SAgc47jxVKoiBJ7c0AakvQ=="
  "resolved" "https://registry.npmjs.org/@types/react/-/react-16.14.17.tgz"
  "version" "16.14.17"
  dependencies:
    "@types/prop-types" "*"
    "@types/scheduler" "*"
    "csstype" "^3.0.2"

"@types/scheduler@*":
  "integrity" "sha512-hppQEBDmlwhFAXKJX2KnWLYu5yMfi91yazPb2l+lbJiwW+wdo1gNeRA+3RgNSO39WYX2euey41KEwnqesU2Jew=="
  "resolved" "https://registry.npmjs.org/@types/scheduler/-/scheduler-0.16.2.tgz"
  "version" "0.16.2"

"babel-plugin-syntax-jsx@6.18.0":
  "integrity" "sha1-CvMqmm4Tyno/1QaeYtew9Y0NiUY="
  "resolved" "https://registry.npmjs.org/babel-plugin-syntax-jsx/-/babel-plugin-syntax-jsx-6.18.0.tgz"
  "version" "6.18.0"

"babel-runtime@^6.26.0":
  "integrity" "sha1-llxwWGaOgrVde/4E/yM3vItWR/4="
  "resolved" "https://registry.npmjs.org/babel-runtime/-/babel-runtime-6.26.0.tgz"
  "version" "6.26.0"
  dependencies:
    "core-js" "^2.4.0"
    "regenerator-runtime" "^0.11.0"

"babel-types@6.26.0":
  "integrity" "sha1-o7Bz+Uq0nrb6Vc1lInozQ4BjJJc="
  "resolved" "https://registry.npmjs.org/babel-types/-/babel-types-6.26.0.tgz"
  "version" "6.26.0"
  dependencies:
    "babel-runtime" "^6.26.0"
    "esutils" "^2.0.2"
    "lodash" "^4.17.4"
    "to-fast-properties" "^1.0.3"

"babel@^6.23.0":
  "integrity" "sha1-0NHn2APpdHZb7qMjLU4VPA77kPQ="
  "resolved" "https://registry.npmjs.org/babel/-/babel-6.23.0.tgz"
  "version" "6.23.0"

"big.js@^5.2.2":
  "integrity" "sha512-vyL2OymJxmarO8gxMr0mhChsO9QGwhynfuu4+MHTAW6czfq9humCB7rKpUjDd9YUiDPU4mzpyupFSvOClAwbmQ=="
  "resolved" "https://registry.npmjs.org/big.js/-/big.js-5.2.2.tgz"
  "version" "5.2.2"

"convert-source-map@1.6.0":
  "integrity" "sha512-eFu7XigvxdZ1ETfbgPBohgyQ/Z++C0eEhTor0qRwBw9unw+L0/6V8wkSuGgzdThkiS5lSpdptOQPD8Ak40a+7A=="
  "resolved" "https://registry.npmjs.org/convert-source-map/-/convert-source-map-1.6.0.tgz"
  "version" "1.6.0"
  dependencies:
    "safe-buffer" "~5.1.1"

"core-js@^2.4.0":
  "integrity" "sha512-Kb2wC0fvsWfQrgk8HU5lW6U/Lcs8+9aaYcy4ZFc6DDlo4nZ7n70dEgE5rtR0oG6ufKDUnrwfWL1mXR5ljDatrQ=="
  "resolved" "https://registry.npmjs.org/core-js/-/core-js-2.6.12.tgz"
  "version" "2.6.12"

"csstype@^3.0.2":
  "integrity" "sha512-rpw6JPxK6Rfg1zLOYCSwle2GFOOsnjmDYDaBwEcwoOg4qlsIVCN789VkBZDJAGi4T07gI4YSutR43t9Zz4Lzuw=="
  "resolved" "https://registry.npmjs.org/csstype/-/csstype-3.0.9.tgz"
  "version" "3.0.9"

"emojis-list@^2.0.0":
  "integrity" "sha1-TapNnbAPmBmIDHn6RXrlsJof04k="
  "resolved" "https://registry.npmjs.org/emojis-list/-/emojis-list-2.1.0.tgz"
  "version" "2.1.0"

"esutils@^2.0.2":
  "integrity" "sha512-kVscqXk4OCp68SZ0dkgEKVi6/8ij300KBWTJq32P/dYeWTSwK41WyTxalN1eRmA5Z9UU/LX9D7FWSmV9SAYx6g=="
  "resolved" "https://registry.npmjs.org/esutils/-/esutils-2.0.3.tgz"
  "version" "2.0.3"

"js-tokens@^3.0.0 || ^4.0.0":
  "integrity" "sha512-RdJUflcE3cUzKiMqQgsCu06FPu9UdIJO0beYbPhHN4k6apgJtifcoCtT9bcxOpYBtpD2kCM6Sbzg4CausW/PKQ=="
  "resolved" "https://registry.npmjs.org/js-tokens/-/js-tokens-4.0.0.tgz"
  "version" "4.0.0"

"json5@^1.0.1":
  "integrity" "sha512-aKS4WQjPenRxiQsC93MNfjx+nbF4PAdYzmd/1JIj8HYzqfbu86beTuNgXDzPknWk0n0uARlyewZo4s++ES36Ow=="
  "resolved" "https://registry.npmjs.org/json5/-/json5-1.0.1.tgz"
  "version" "1.0.1"
  dependencies:
    "minimist" "^1.2.0"

"loader-utils@1.2.3":
  "integrity" "sha512-fkpz8ejdnEMG3s37wGL07iSBDg99O9D5yflE9RGNH3hRdx9SOwYfnGYdZOUIZitN8E+E2vkq3MUMYMvPYl5ZZA=="
  "resolved" "https://registry.npmjs.org/loader-utils/-/loader-utils-1.2.3.tgz"
  "version" "1.2.3"
  dependencies:
    "big.js" "^5.2.2"
    "emojis-list" "^2.0.0"
    "json5" "^1.0.1"

"lodash@^4.17.4":
  "integrity" "sha512-v2kDEe57lecTulaDIuNTPy3Ry4gLGJ6Z1O3vE1krgXZNrsQ+LFTGHVxVjcXPs17LhbZVGedAJv8XZ1tvj5FvSg=="
  "resolved" "https://registry.npmjs.org/lodash/-/lodash-4.17.21.tgz"
  "version" "4.17.21"

"loose-envify@^1.4.0":
  "integrity" "sha512-lyuxPGr/Wfhrlem2CL/UcnUc1zcqKAImBDzukY7Y5F/yQiNdko6+fRLevlw1HgMySw7f611UIY408EtxRSoK3Q=="
  "resolved" "https://registry.npmjs.org/loose-envify/-/loose-envify-1.4.0.tgz"
  "version" "1.4.0"
  dependencies:
    "js-tokens" "^3.0.0 || ^4.0.0"

"minimist@^1.2.0":
  "integrity" "sha512-FM9nNUYrRBAELZQT3xeZQ7fmMOBg6nWNmJKTcgsJeaLstP/UODVpGsr5OhXhhXg6f+qtJ8uiZ+PUxkDWcgIXLw=="
  "resolved" "https://registry.npmjs.org/minimist/-/minimist-1.2.5.tgz"
  "version" "1.2.5"

"object-assign@^4.1.1":
  "integrity" "sha1-IQmtx5ZYh8/AXLvUQsrIv7s2CGM="
  "resolved" "https://registry.npmjs.org/object-assign/-/object-assign-4.1.1.tgz"
  "version" "4.1.1"

"prop-types@^15.6.0", "prop-types@^15.7.2":
  "integrity" "sha512-8QQikdH7//R2vurIJSutZ1smHYTcLpRWEOlHnzcWHmBYrOGUysKwSsrC89BCiFj3CbrfJ/nXFdJepOVrY1GCHQ=="
  "resolved" "https://registry.npmjs.org/prop-types/-/prop-types-15.7.2.tgz"
  "version" "15.7.2"
  dependencies:
    "loose-envify" "^1.4.0"
    "object-assign" "^4.1.1"
    "react-is" "^16.8.1"

"react-infinite-loader@^1.0.4":
  "integrity" "sha512-fUIswwMb8NIohiY0npKE/Lix6gwx/FW3K9UmIx5NtWg45kDBuHngaw1scQ6Y1tAQsAyONGskNltSpi0QGDRzsg=="
  "resolved" "https://registry.npmjs.org/react-infinite-loader/-/react-infinite-loader-1.0.4.tgz"
  "version" "1.0.4"
  dependencies:
    "prop-types" "^15.6.0"
    "styled-jsx" "3.2.1"

"react-is@^16.8.1":
  "integrity" "sha512-24e6ynE2H+OKt4kqsOvNd8kBpV65zoxbA4BVsEOB3ARVWQki/DHzaUoC5KuON/BiccDaCCTZBuOcfZs70kR8bQ=="
  "resolved" "https://registry.npmjs.org/react-is/-/react-is-16.13.1.tgz"
  "version" "16.13.1"

"react-rating-stars-component@^2.2.0":
  "integrity" "sha512-A3lgLxumfFQQicKQmxacZ91fq/zRaVWlCPnVodJmJV6obvod4/yCotetN9WuyBiUfnKsEFDBo/8B85ocwmL7ng=="
  "resolved" "https://registry.npmjs.org/react-rating-stars-component/-/react-rating-stars-component-2.2.0.tgz"
  "version" "2.2.0"

"react-rating@^2.0.5":
  "integrity" "sha512-uldxgLCe5bzqGX7V+7/bPgQQj2Kok6eiMgTMxjKOhfhnQkFLDlc4TjMlp7gaJFAHWdbiOnqpiShI7z8as6oWtg=="
  "resolved" "https://registry.npmjs.org/react-rating/-/react-rating-2.0.5.tgz"
  "version" "2.0.5"
  dependencies:
    "@types/lodash" "^4.14.105"
    "@types/react" "^16.0.40"

"regenerator-runtime@^0.11.0":
  "integrity" "sha512-MguG95oij0fC3QV3URf4V2SDYGJhJnJGqvIIgdECeODCT98wSWDAJ94SSuVpYQUoTcGUIL6L4yNB7j1DFFHSBg=="
  "resolved" "https://registry.npmjs.org/regenerator-runtime/-/regenerator-runtime-0.11.1.tgz"
  "version" "0.11.1"

"safe-buffer@~5.1.1":
  "integrity" "sha512-Gd2UZBJDkXlY7GbJxfsE8/nvKkUEU1G38c1siN6QP6a9PT9MmHB8GnpscSmMJSoF8LOIrt8ud/wPtojys4G6+g=="
  "resolved" "https://registry.npmjs.org/safe-buffer/-/safe-buffer-5.1.2.tgz"
  "version" "5.1.2"

"source-map@0.7.3":
  "integrity" "sha512-CkCj6giN3S+n9qrYiBTX5gystlENnRW5jZeNLHpe6aue+SrHcG5VYwujhW9s4dY31mEGsxBDrHR6oI69fTXsaQ=="
  "resolved" "https://registry.npmjs.org/source-map/-/source-map-0.7.3.tgz"
  "version" "0.7.3"

"string-hash@1.1.3":
  "integrity" "sha1-6Kr8CsGFW0Zmkp7X3RJ1311sgRs="
  "resolved" "https://registry.npmjs.org/string-hash/-/string-hash-1.1.3.tgz"
  "version" "1.1.3"

"styled-jsx@3.2.1":
  "integrity" "sha512-gM/WOrWYRpWReivzQqetEGohUc/TJSvUoZ5T/UJxJZIsVIPlRQLnp7R8Oue4q49sI08EBRQjQl2oBL3sfdrw2g=="
  "resolved" "https://registry.npmjs.org/styled-jsx/-/styled-jsx-3.2.1.tgz"
  "version" "3.2.1"
  dependencies:
    "babel-plugin-syntax-jsx" "6.18.0"
    "babel-types" "6.26.0"
    "convert-source-map" "1.6.0"
    "loader-utils" "1.2.3"
    "source-map" "0.7.3"
    "string-hash" "1.1.3"
    "stylis" "3.5.4"
    "stylis-rule-sheet" "0.0.10"

"stylis-rule-sheet@0.0.10":
  "integrity" "sha512-nTbZoaqoBnmK+ptANthb10ZRZOGC+EmTLLUxeYIuHNkEKcmKgXX1XWKkUBT2Ac4es3NybooPe0SmvKdhKJZAuw=="
  "resolved" "https://registry.npmjs.org/stylis-rule-sheet/-/stylis-rule-sheet-0.0.10.tgz"
  "version" "0.0.10"

"stylis@^3.5.0", "stylis@3.5.4":
  "integrity" "sha512-8/3pSmthWM7lsPBKv7NXkzn2Uc9W7NotcwGNpJaa3k7WMM1XDCA4MgT5k/8BIexd5ydZdboXtU90XH9Ec4Bv/Q=="
  "resolved" "https://registry.npmjs.org/stylis/-/stylis-3.5.4.tgz"
  "version" "3.5.4"

"to-fast-properties@^1.0.3":
  "integrity" "sha1-uDVx+k2MJbguIxsG46MFXeTKGkc="
  "resolved" "https://registry.npmjs.org/to-fast-properties/-/to-fast-properties-1.0.3.tgz"
  "version" "1.0.3"

"types@^0.1.1":
  "integrity" "sha1-hgxoWdETZik/g12Mla68+VApg44="
  "resolved" "https://registry.npmjs.org/types/-/types-0.1.1.tgz"
  "version" "0.1.1"
